{
  "name": "faultline-build",
  "lockfileVersion": 3,
  "requires": true,
  "packages": {
    "": {
      "name": "faultline-build",
      "dependencies": {
        "@prettier/plugin-php": "0.25.0",
        "@prettier/plugin-xml": "3.4.2",
        "@scalar/kotlin-fmt": "0.4.1",
        "@scalar/rust-fmt": "0.3.0",
        "@wasm-fmt/clang-format": "23.1.1",
        "@wasm-fmt/gofmt": "0.7.3",
        "@wasm-fmt/ruff_fmt": "0.15.20",
        "@wasm-fmt/taplo_fmt": "0.2.5",
        "prettier": "3.8.1",
        "prettier-plugin-java": "2.11.0",
        "prettier-plugin-sh": "0.20.2",
        "smol-toml": "1.9.0",
        "sql-formatter": "15.9.0"
      },
      "engines": {
        "node": ">=24.15.0"
      }
    },
    "node_modules/@bjorn3/browser_wasi_shim": {
      "version": "0.4.2",
      "resolved": "https://registry.npmjs.org/@bjorn3/browser_wasi_shim/-/browser_wasi_shim-0.4.2.tgz",
      "integrity": "sha512-/iHkCVUG3VbcbmEHn5iIUpIrh7a7WPiwZ3sHy4HZKZzBdSadwdddYDZAII2zBvQYV0Lfi8naZngPCN7WPHI/hA==",
      "license": "MIT OR Apache-2.0"
    },
    "node_modules/@prettier/plugin-php": {
      "version": "0.25.0",
      "resolved": "https://registry.npmjs.org/@prettier/plugin-php/-/plugin-php-0.25.0.tgz",
      "integrity": "sha512-hi0NhucbspYqw5pZYKywEk5CxsBwA0pBcG6K08AZw7OQDoUm4Hhbxql7z/SzQGeTRHqak5PwDnVNgttZiZdrlg==",
      "license": "MIT",
      "dependencies": {
        "linguist-languages": "^8.0.0",
        "php-parser": "^3.4.0"
      },
      "peerDependencies": {
        "prettier": "^3.0.0"
      }
    },
    "node_modules/@prettier/plugin-xml": {
      "version": "3.4.2",
      "resolved": "https://registry.npmjs.org/@prettier/plugin-xml/-/plugin-xml-3.4.2.tgz",
      "integrity": "sha512-/UyNlHfkuLXG6Ed85KB0WBF283xn2yavR+UtRibBRUcvEJId2DSLdGXwJ/cDa1X++SWDPzq3+GSFniHjkNy7yg==",
      "license": "MIT",
      "dependencies": {
        "@xml-tools/parser": "^1.0.11"
      },
      "peerDependencies": {
        "prettier": "^3.0.0"
      }
    },
    "node_modules/@reteps/dockerfmt": {
      "version": "0.5.4",
      "resolved": "https://registry.npmjs.org/@reteps/dockerfmt/-/dockerfmt-0.5.4.tgz",
      "integrity": "sha512-HEGgXVVOb+JtGUSSzXl/XPKFIZjMDTUoHarCjaQdkY+cb5M9K/O3b5xm+x0IPIk3SfHurbc0bSgcFsQlzjitxA==",
      "license": "MIT",
      "bin": {
        "dockerfmt": "dist/launcher.js"
      },
      "engines": {
        "node": "^v12.20.0 || ^14.13.0 || >=16.0.0"
      },
      "optionalDependencies": {
        "@reteps/dockerfmt-darwin-arm64": "0.5.4",
        "@reteps/dockerfmt-darwin-x64": "0.5.4",
        "@reteps/dockerfmt-linux-arm64": "0.5.4",
        "@reteps/dockerfmt-linux-x64": "0.5.4"
      }
    },
    "node_modules/@reteps/dockerfmt-darwin-arm64": {
      "version": "0.5.4",
      "resolved": "https://registry.npmjs.org/@reteps/dockerfmt-darwin-arm64/-/dockerfmt-darwin-arm64-0.5.4.tgz",
      "integrity": "sha512-urMqV+dQyvVI8/WrXwClX9e1PEyS35wFdwJjpZYmL09AkV4Io5U1oam8UBKK7jZk0+YsdF88ay6e86Kn6DIyQg==",
      "cpu": [
        "arm64"
      ],
      "license": "MIT",
      "optional": true,
      "os": [
        "darwin"
      ]
    },
    "node_modules/@reteps/dockerfmt-darwin-x64": {
      "version": "0.5.4",
      "resolved": "https://registry.npmjs.org/@reteps/dockerfmt-darwin-x64/-/dockerfmt-darwin-x64-0.5.4.tgz",
      "integrity": "sha512-fJORy6DFxbgDiMqxpLTPZlb5KUY0Vq0iR4NGnyKnuYZ9LdZUS508DK2kt/AJ87/jIKNV1qRG0JXG1Tc6xdvWjw==",
      "cpu": [
        "x64"
      ],
      "license": "MIT",
      "optional": true,
      "os": [
        "darwin"
      ]
    },
    "node_modules/@reteps/dockerfmt-linux-arm64": {
      "version": "0.5.4",
      "resolved": "https://registry.npmjs.org/@reteps/dockerfmt-linux-arm64/-/dockerfmt-linux-arm64-0.5.4.tgz",
      "integrity": "sha512-6pVakO06eXtDuvxy1Dnjs/gQyUoGGycle8PRSt5IFRwLi/AVaOQwfkfmW0WP8VH9wNUeti6BfJ3ksTn2G+XMxg==",
      "cpu": [
        "arm64"
      ],
      "license": "MIT",
      "optional": true,
      "os": [
        "linux"
      ]
    },
    "node_modules/@reteps/dockerfmt-linux-x64": {
      "version": "0.5.4",
      "resolved": "https://registry.npmjs.org/@reteps/dockerfmt-linux-x64/-/dockerfmt-linux-x64-0.5.4.tgz",
      "integrity": "sha512-OD6SIlUV1D4TgJoTui3FMBAZsGbTSPYsiT0BKhD6jMUcJb3GpFTa7dY9rL8rP9FUqfL7OTHVUGUOL4Rh64Olog==",
      "cpu": [
        "x64"
      ],
      "license": "MIT",
      "optional": true,
      "os": [
        "linux"
      ]
    },
    "node_modules/@scalar/kotlin-fmt": {
      "version": "0.4.1",
      "resolved": "https://registry.npmjs.org/@scalar/kotlin-fmt/-/kotlin-fmt-0.4.1.tgz",
      "integrity": "sha512-XV1lZR30TXNB43cLwr/Kh3QO2Ddu/WeNZc5jP2iAfg9IDN4EHfoQuRF1JhgFf62KA8YvKiAggYPL3xQlsmZ/Yw==",
      "license": "MIT",
      "dependencies": {
        "brotli-dec-wasm": "^2.3.2"
      },
      "engines": {
        "node": ">=24.15.0"
      }
    },
    "node_modules/@scalar/rust-fmt": {
      "version": "0.3.0",
      "resolved": "https://registry.npmjs.org/@scalar/rust-fmt/-/rust-fmt-0.3.0.tgz",
      "integrity": "sha512-5T/pGOM0vpj4zvC3EHnwr4y6SiDHgP7yJp9nb3UApnBDG0U1MPl8OooBupkXjHzGu+t50xsTRaTzzu3jsNQBlA==",
      "license": "MIT",
      "dependencies": {
        "@bjorn3/browser_wasi_shim": "^0.4.2",
        "brotli-dec-wasm": "^2.3.2"
      },
      "engines": {
        "node": ">=18"
      }
    },
    "node_modules/@wasm-fmt/clang-format": {
      "version": "23.1.1",
      "resolved": "https://registry.npmjs.org/@wasm-fmt/clang-format/-/clang-format-23.1.1.tgz",
      "integrity": "sha512-SPA6H8DI/MOJAr0CfpbFBoqI5sfrimu3SlovuAAy36mq9vs9TOkS48lpUsNaPLeZzeQVEGe+pfbJHXKxiroP/g==",
      "license": "MIT",
      "bin": {
        "clang-format": "clang-format-cli.cjs",
        "clang-format-diff": "clang-format-diff.py",
        "git-clang-format": "git-clang-format"
      },
      "engines": {
        "node": ">=16.17.0"
      }
    },
    "node_modules/@wasm-fmt/gofmt": {
      "version": "0.7.3",
      "resolved": "https://registry.npmjs.org/@wasm-fmt/gofmt/-/gofmt-0.7.3.tgz",
      "integrity": "sha512-nzVTwMxHDOYrHonT7DzjqicbaTYOYPNYeXKPJnDrVUbJjx67Sg/LS1uzlOTWKToGMF8Y8l0u7G5/5Q3/8nHMMA==",
      "license": "MIT",
      "engines": {
        "node": ">=16.17.0"
      }
    },
    "node_modules/@wasm-fmt/ruff_fmt": {
      "version": "0.15.20",
      "resolved": "https://registry.npmjs.org/@wasm-fmt/ruff_fmt/-/ruff_fmt-0.15.20.tgz",
      "integrity": "sha512-PYij4wTiDSTx6MyBGHSY0nWDjSiTbOB3moPJiZTBL8F0JZLEfHAi4lYAn9SC9Hzm8tVeTnL7Qyf1iPW0TKHVEg==",
      "license": "MIT"
    },
    "node_modules/@wasm-fmt/taplo_fmt": {
      "version": "0.2.5",
      "resolved": "https://registry.npmjs.org/@wasm-fmt/taplo_fmt/-/taplo_fmt-0.2.5.tgz",
      "integrity": "sha512-rq/sOB7aJ2a0b5OSeMJz3gjE5hAc85096bmRiFkp4LHRP3FW/rXziMF1yhEF0yeDK3YseGaL2peO3TTDeYt6HA==",
      "license": "MIT"
    },
    "node_modules/@xml-tools/parser": {
      "version": "1.0.11",
      "resolved": "https://registry.npmjs.org/@xml-tools/parser/-/parser-1.0.11.tgz",
      "integrity": "sha512-aKqQ077XnR+oQtHJlrAflaZaL7qZsulWc/i/ZEooar5JiWj1eLt0+Wg28cpa+XLney107wXqneC+oG1IZvxkTA==",
      "license": "Apache-2.0",
      "dependencies": {
        "chevrotain": "7.1.1"
      }
    },
    "node_modules/argparse": {
      "version": "2.0.1",
      "resolved": "https://registry.npmjs.org/argparse/-/argparse-2.0.1.tgz",
      "integrity": "sha512-8+9WqebbFzpX9OR+Wa6O29asIogeRMzcGtAINdpMHHyAg10f05aSFVBbcEqGf/PXw1EjAZ+q2/bEBg3DvurK3Q==",
      "license": "Python-2.0"
    },
    "node_modules/brotli-dec-wasm": {
      "version": "2.3.2",
      "resolved": "https://registry.npmjs.org/brotli-dec-wasm/-/brotli-dec-wasm-2.3.2.tgz",
      "integrity": "sha512-5H+k8eVLIJY6B4olN2HP9QzJAxcplf0jV7mWnkpxvOSeUE9Npg3dQ2pgLn30a9MUFHNro1iSmtdu6VNdlb+TIw==",
      "license": "MIT OR Apache-2.0"
    },
    "node_modules/chevrotain": {
      "version": "7.1.1",
      "resolved": "https://registry.npmjs.org/chevrotain/-/chevrotain-7.1.1.tgz",
      "integrity": "sha512-wy3mC1x4ye+O+QkEinVJkPf5u2vsrDIYW9G7ZuwFl6v/Yu0LwUuT2POsb+NUWApebyxfkQq6+yDfRExbnI5rcw==",
      "license": "Apache-2.0",
      "dependencies": {
        "regexp-to-ast": "0.5.0"
      }
    },
    "node_modules/commander": {
      "version": "2.20.3",
      "resolved": "https://registry.npmjs.org/commander/-/commander-2.20.3.tgz",
      "integrity": "sha512-GpVkmM8vF2vQUkj2LvZmD35JxeJOLCwJ9cUkugyk2nuhbv3+mJvpLYYt+0+USMxE+oj+ey/lJEnhZw75x/OMcQ==",
      "license": "MIT"
    },
    "node_modules/discontinuous-range": {
      "version": "1.0.0",
      "resolved": "https://registry.npmjs.org/discontinuous-range/-/discontinuous-range-1.0.0.tgz",
      "integrity": "sha512-c68LpLbO+7kP/b1Hr1qs8/BJ09F5khZGTxqxZuhzxpmwJKOgRFHJWIb9/KmqnqHhLdO55aOxFH/EGBvUQbL/RQ==",
      "license": "MIT"
    },
    "node_modules/linguist-languages": {
      "version": "8.2.0",
      "resolved": "https://registry.npmjs.org/linguist-languages/-/linguist-languages-8.2.0.tgz",
      "integrity": "sha512-KCUUH9x97QWYU0SXOCGxUrZR6cSfuQrMhABB7L/0I8N0LXOeaKe7+RZs7FAwvWCV2qKfZ4Wv1luLq4OfMezSJg==",
      "license": "MIT"
    },
    "node_modules/moo": {
      "version": "0.5.3",
      "resolved": "https://registry.npmjs.org/moo/-/moo-0.5.3.tgz",
      "integrity": "sha512-m2fmM2dDm7GZQsY7KK2cme8agi+AAljILjQnof7p1ZMDe6dQ4bdnSMx0cPppudoeNv5hEFQirN6u+O4fDE0IWA==",
      "license": "BSD-3-Clause"
    },
    "node_modules/nearley": {
      "version": "2.20.1",
      "resolved": "https://registry.npmjs.org/nearley/-/nearley-2.20.1.tgz",
      "integrity": "sha512-+Mc8UaAebFzgV+KpI5n7DasuuQCHA89dmwm7JXw3TV43ukfNQ9DnBH3Mdb2g/I4Fdxc26pwimBWvjIw0UAILSQ==",
      "license": "MIT",
      "dependencies": {
        "commander": "^2.19.0",
        "moo": "^0.5.0",
        "railroad-diagrams": "^1.0.0",
        "randexp": "0.4.6"
      },
      "bin": {
        "nearley-railroad": "bin/nearley-railroad.js",
        "nearley-test": "bin/nearley-test.js",
        "nearley-unparse": "bin/nearley-unparse.js",
        "nearleyc": "bin/nearleyc.js"
      },
      "funding": {
        "type": "individual",
        "url": "https://nearley.js.org/#give-to-nearley"
      }
    },
    "node_modules/php-parser": {
      "version": "3.7.0",
      "resolved": "https://registry.npmjs.org/php-parser/-/php-parser-3.7.0.tgz",
      "integrity": "sha512-JRc1t78GZAEa+MuzVC5A5RJS1NDFTS4UnprUEu/NnsN9cyHbGZLUqghO9IQZUSCay62HYQiWd3PxyWAEF45zmA==",
      "license": "BSD-3-Clause"
    },
    "node_modules/prettier": {
      "version": "3.8.1",
      "resolved": "https://registry.npmjs.org/prettier/-/prettier-3.8.1.tgz",
      "integrity": "sha512-UOnG6LftzbdaHZcKoPFtOcCKztrQ57WkHDeRD9t/PTQtmT0NHSeWWepj6pS0z/N7+08BHFDQVUrfmfMRcZwbMg==",
      "license": "MIT",
      "bin": {
        "prettier": "bin/prettier.cjs"
      },
      "engines": {
        "node": ">=14"
      },
      "funding": {
        "url": "https://github.com/prettier/prettier?sponsor=1"
      }
    },
    "node_modules/prettier-plugin-java": {
      "version": "2.11.0",
      "resolved": "https://registry.npmjs.org/prettier-plugin-java/-/prettier-plugin-java-2.11.0.tgz",
      "integrity": "sha512-pLwm2wHvVvW5eVVLf1cq2orY2ATaIj5ngN8hJ5ZdXYzUHzxrfaZkk2xmu8Mz/duBXAc2xT/cUH5+dK414HQSTw==",
      "license": "Apache-2.0",
      "dependencies": {
        "web-tree-sitter": "0.27.0"
      },
      "peerDependencies": {
        "prettier": "^3.0.0"
      }
    },
    "node_modules/prettier-plugin-sh": {
      "version": "0.20.2",
      "resolved": "https://registry.npmjs.org/prettier-plugin-sh/-/prettier-plugin-sh-0.20.2.tgz",
      "integrity": "sha512-4QVyY7Vav0f5i6AVa80SFwUJXaWsAv9t0yUZIivwI0ucxTei6Jwhso/khWqaKDj4QGdwjP2py1nxQrDUeZ0jyQ==",
      "license": "MIT",
      "dependencies": {
        "@reteps/dockerfmt": "^0.5.4",
        "sh-syntax": "^0.7.0"
      },
      "engines": {
        "node": ">=16.0.0"
      },
      "funding": {
        "url": "https://opencollective.com/unts"
      },
      "peerDependencies": {
        "prettier": "^3.6.0"
      }
    },
    "node_modules/railroad-diagrams": {
      "version": "1.0.0",
      "resolved": "https://registry.npmjs.org/railroad-diagrams/-/railroad-diagrams-1.0.0.tgz",
      "integrity": "sha512-cz93DjNeLY0idrCNOH6PviZGRN9GJhsdm9hpn1YCS879fj4W+x5IFJhhkRZcwVgMmFF7R82UA/7Oh+R8lLZg6A==",
      "license": "CC0-1.0"
    },
    "node_modules/randexp": {
      "version": "0.4.6",
      "resolved": "https://registry.npmjs.org/randexp/-/randexp-0.4.6.tgz",
      "integrity": "sha512-80WNmd9DA0tmZrw9qQa62GPPWfuXJknrmVmLcxvq4uZBdYqb1wYoKTmnlGUchvVWe0XiLupYkBoXVOxz3C8DYQ==",
      "license": "MIT",
      "dependencies": {
        "discontinuous-range": "1.0.0",
        "ret": "~0.1.10"
      },
      "engines": {
        "node": ">=0.12"
      }
    },
    "node_modules/regexp-to-ast": {
      "version": "0.5.0",
      "resolved": "https://registry.npmjs.org/regexp-to-ast/-/regexp-to-ast-0.5.0.tgz",
      "integrity": "sha512-tlbJqcMHnPKI9zSrystikWKwHkBqu2a/Sgw01h3zFjvYrMxEDYHzzoMZnUrbIfpTFEsoRnnviOXNCzFiSc54Qw==",
      "license": "MIT"
    },
    "node_modules/ret": {
      "version": "0.1.15",
      "resolved": "https://registry.npmjs.org/ret/-/ret-0.1.15.tgz",
      "integrity": "sha512-TTlYpa+OL+vMMNG24xSlQGEJ3B/RzEfUlLct7b5G/ytav+wPrplCpVMFuwzXbkecJrb6IYo1iFb0S9v37754mg==",
      "license": "MIT",
      "engines": {
        "node": ">=0.12"
      }
    },
    "node_modules/sh-syntax": {
      "version": "0.7.0",
      "resolved": "https://registry.npmjs.org/sh-syntax/-/sh-syntax-0.7.0.tgz",
      "integrity": "sha512-sgMyAxpHiGgAaNg+gD3ad41vha24CzIjjghD4mdiON1lUafZPLJNYknyjcXmU4geilPstd69zCKkpccY0YvajA==",
      "license": "MIT",
      "engines": {
        "node": ">=16.0.0"
      },
      "funding": {
        "url": "https://opencollective.com/sh-syntax"
      }
    },
    "node_modules/smol-toml": {
      "version": "1.9.0",
      "resolved": "https://registry.npmjs.org/smol-toml/-/smol-toml-1.9.0.tgz",
      "integrity": "sha512-hpd+HLON7HdZXqYchMM/+LaTTbdK0AU3NngIJ4KVyWbY9bfQqdL9cD+4yf6dUoU2Ap4VsU0JkQi6FxAI1B2mXQ==",
      "license": "BSD-3-Clause",
      "engines": {
        "node": ">= 18"
      },
      "funding": {
        "url": "https://github.com/sponsors/cyyynthia"
      }
    },
    "node_modules/sql-formatter": {
      "version": "15.9.0",
      "resolved": "https://registry.npmjs.org/sql-formatter/-/sql-formatter-15.9.0.tgz",
      "integrity": "sha512-3A/N+v+mA5/PDU+FlO4uTFE0L/Mmg63c/Ny161Qv2b1Mxp9IX8War+LLmq17LA/Kgu4KXAR7iutK2JaHWJMMtw==",
      "license": "MIT",
      "dependencies": {
        "argparse": "^2.0.1",
        "nearley": "^2.20.1"
      },
      "bin": {
        "sql-formatter": "bin/sql-formatter-cli.cjs"
      }
    },
    "node_modules/web-tree-sitter": {
      "version": "0.27.0",
      "resolved": "https://registry.npmjs.org/web-tree-sitter/-/web-tree-sitter-0.27.0.tgz",
      "integrity": "sha512-XK08gj6RwTMQatAG7uVRP8MunqotL/XC19vHgkSPKmELgbGPBj4ECvB8haHOUnyj6ls2B8t42UTro14zxGgAHg==",
      "license": "MIT"
    }
  }
}
